
Microsoft Visual Studio Solution File, Format Version 12.00
# Visual Studio Version 17
VisualStudioVersion = 17.6.33801.468
MinimumVisualStudioVersion = 10.0.40219.1
Project("{9A19103F-16F7-4668-BE54-9A1E7A4F7556}") = "EventSourced.Net", "EventSourced.Net\EventSourced.Net.csproj", "{79CFE461-5231-4BF9-9432-62080136D63E}"
EndProject
Project("{FAE04EC0-301F-11D3-BF4B-00C04F79EFBC}") = "EventSourced.Net.Tests", "EventSourced.Net.Tests\EventSourced.Net.Tests.csproj", "{C398B142-3E6F-4EDB-802E-E3FCE354039F}"
EndProject
Project("{2150E333-8FDC-42A3-9474-1A3956D46DE8}") = "Solution Items", "Solution Items", "{80253AFB-0549-43D9-B3C8-D389AE8C994D}"
	ProjectSection(SolutionItems) = preProject
		.editorconfig = .editorconfig
	EndProjectSection
EndProject
Global
	GlobalSection(SolutionConfigurationPlatforms) = preSolution
		Debug|Any CPU = Debug|Any CPU
		Release|Any CPU = Release|Any CPU
	EndGlobalSection
	GlobalSection(ProjectConfigurationPlatforms) = postSolution
		{79CFE461-5231-4BF9-9432-62080136D63E}.Debug|Any CPU.ActiveCfg = Debug|Any CPU
		{79CFE461-5231-4BF9-9432-62080136D63E}.Debug|Any CPU.Build.0 = Debug|Any CPU
		{79CFE461-5231-4BF9-9432-62080136D63E}.Release|Any CPU.ActiveCfg = Release|Any CPU
		{79CFE461-5231-4BF9-9432-62080136D63E}.Release|Any CPU.Build.0 = Release|Any CPU
		{C398B142-3E6F-4EDB-802E-E3FCE354039F}.Debug|Any CPU.ActiveCfg = Debug|Any CPU
		{C398B142-3E6F-4EDB-802E-E3FCE354039F}.Debug|Any CPU.Build.0 = Debug|Any CPU
		{C398B142-3E6F-4EDB-802E-E3FCE354039F}.Release|Any CPU.ActiveCfg = Release|Any CPU
		{C398B142-3E6F-4EDB-802E-E3FCE354039F}.Release|Any CPU.Build.0 = Release|Any CPU
	EndGlobalSection
	GlobalSection(SolutionProperties) = preSolution
		HideSolutionNode = FALSE
	EndGlobalSection
	GlobalSection(ExtensibilityGlobals) = postSolution
		SolutionGuid = {B683471A-37B8-460E-A8D5-436C23AF3A1B}
	EndGlobalSection
EndGlobal
